
Microsoft Visual Studio Solution File, Format Version 12.00
# Visual Studio Version 17
VisualStudioVersion = 17.2.32526.322
MinimumVisualStudioVersion = 10.0.40219.1
Project("{FAE04EC0-301F-11D3-BF4B-00C04F79EFBC}") = "JUANCARLOSMARAÑON", "JUANCARLOSMARAÑON\JUANCARLOSMARAÑON.csproj", "{2576187D-AF69-4C87-8688-B3229A38C45C}"
EndProject
Global
	GlobalSection(SolutionConfigurationPlatforms) = preSolution
		Debug|Any CPU = Debug|Any CPU
		Release|Any CPU = Release|Any CPU
	EndGlobalSection
	GlobalSection(ProjectConfigurationPlatforms) = postSolution
		{2576187D-AF69-4C87-8688-B3229A38C45C}.Debug|Any CPU.ActiveCfg = Debug|Any CPU
		{2576187D-AF69-4C87-8688-B3229A38C45C}.Debug|Any CPU.Build.0 = Debug|Any CPU
		{2576187D-AF69-4C87-8688-B3229A38C45C}.Release|Any CPU.ActiveCfg = Release|Any CPU
		{2576187D-AF69-4C87-8688-B3229A38C45C}.Release|Any CPU.Build.0 = Release|Any CPU
	EndGlobalSection
	GlobalSection(SolutionProperties) = preSolution
		HideSolutionNode = FALSE
	EndGlobalSection
	GlobalSection(ExtensibilityGlobals) = postSolution
		SolutionGuid = {9A6E6E22-F956-4D1F-8617-CD7604D49644}
	EndGlobalSection
EndGlobal
